
Microsoft Visual Studio Solution File, Format Version 12.00
# Visual Studio Version 16
VisualStudioVersion = 16.0.29215.179
MinimumVisualStudioVersion = 10.0.40219.1
Project("{FAE04EC0-301F-11D3-BF4B-00C04F79EFBC}") = "Wedding_yungching", "Wedding_yungching\Wedding_yungching.csproj", "{B2775EE3-97E0-493A-8476-8EBFF7F7162B}"
EndProject
Project("{FAE04EC0-301F-11D3-BF4B-00C04F79EFBC}") = "Wedding_yungching.Tests", "Wedding_yungching.Tests\Wedding_yungching.Tests.csproj", "{DE076AF2-0E4D-40A6-9DFA-7C65E03780D7}"
EndProject
Global
	GlobalSection(SolutionConfigurationPlatforms) = preSolution
		Debug|Any CPU = Debug|Any CPU
		Release|Any CPU = Release|Any CPU
	EndGlobalSection
	GlobalSection(ProjectConfigurationPlatforms) = postSolution
		{B2775EE3-97E0-493A-8476-8EBFF7F7162B}.Debug|Any CPU.ActiveCfg = Debug|Any CPU
		{B2775EE3-97E0-493A-8476-8EBFF7F7162B}.Debug|Any CPU.Build.0 = Debug|Any CPU
		{B2775EE3-97E0-493A-8476-8EBFF7F7162B}.Release|Any CPU.ActiveCfg = Release|Any CPU
		{B2775EE3-97E0-493A-8476-8EBFF7F7162B}.Release|Any CPU.Build.0 = Release|Any CPU
		{DE076AF2-0E4D-40A6-9DFA-7C65E03780D7}.Debug|Any CPU.ActiveCfg = Debug|Any CPU
		{DE076AF2-0E4D-40A6-9DFA-7C65E03780D7}.Debug|Any CPU.Build.0 = Debug|Any CPU
		{DE076AF2-0E4D-40A6-9DFA-7C65E03780D7}.Release|Any CPU.ActiveCfg = Release|Any CPU
		{DE076AF2-0E4D-40A6-9DFA-7C65E03780D7}.Release|Any CPU.Build.0 = Release|Any CPU
	EndGlobalSection
	GlobalSection(SolutionProperties) = preSolution
		HideSolutionNode = FALSE
	EndGlobalSection
	GlobalSection(ExtensibilityGlobals) = postSolution
		SolutionGuid = {41D62D68-580D-4B0F-A3D7-6D126B529922}
	EndGlobalSection
EndGlobal
